
Microsoft Visual Studio Solution File, Format Version 12.00
# Visual Studio Version 17
VisualStudioVersion = 17.12.35521.163 d17.12
MinimumVisualStudioVersion = 10.0.40219.1
Project("{9092AA53-FB77-4645-B42D-1CCCA6BD08BD}") = "negosudFrontend", "negosud\negosudFrontend.njsproj", "{15938A9B-ED8D-40B0-90A2-F7B7606F019B}"
EndProject
Global
	GlobalSection(SolutionConfigurationPlatforms) = preSolution
		Debug|Any CPU = Debug|Any CPU
		Release|Any CPU = Release|Any CPU
	EndGlobalSection
	GlobalSection(ProjectConfigurationPlatforms) = postSolution
		{15938A9B-ED8D-40B0-90A2-F7B7606F019B}.Debug|Any CPU.ActiveCfg = Debug|Any CPU
		{15938A9B-ED8D-40B0-90A2-F7B7606F019B}.Debug|Any CPU.Build.0 = Debug|Any CPU
		{15938A9B-ED8D-40B0-90A2-F7B7606F019B}.Release|Any CPU.ActiveCfg = Release|Any CPU
		{15938A9B-ED8D-40B0-90A2-F7B7606F019B}.Release|Any CPU.Build.0 = Release|Any CPU
	EndGlobalSection
	GlobalSection(SolutionProperties) = preSolution
		HideSolutionNode = FALSE
	EndGlobalSection
EndGlobal
